
Microsoft Visual Studio Solution File, Format Version 12.00
# Visual Studio Version 17
VisualStudioVersion = 17.2.32630.192
MinimumVisualStudioVersion = 10.0.40219.1
Project("{FAE04EC0-301F-11D3-BF4B-00C04F79EFBC}") = "BookManagementSystem", "BookManagementSystem.csproj", "{F4E94753-6BAF-42F0-9F43-ABE226C082EF}"
EndProject
Global
	GlobalSection(SolutionConfigurationPlatforms) = preSolution
		Debug|Any CPU = Debug|Any CPU
		Release|Any CPU = Release|Any CPU
	EndGlobalSection
	GlobalSection(ProjectConfigurationPlatforms) = postSolution
		{F4E94753-6BAF-42F0-9F43-ABE226C082EF}.Debug|Any CPU.ActiveCfg = Debug|Any CPU
		{F4E94753-6BAF-42F0-9F43-ABE226C082EF}.Debug|Any CPU.Build.0 = Debug|Any CPU
		{F4E94753-6BAF-42F0-9F43-ABE226C082EF}.Release|Any CPU.ActiveCfg = Release|Any CPU
		{F4E94753-6BAF-42F0-9F43-ABE226C082EF}.Release|Any CPU.Build.0 = Release|Any CPU
	EndGlobalSection
	GlobalSection(SolutionProperties) = preSolution
		HideSolutionNode = FALSE
	EndGlobalSection
	GlobalSection(ExtensibilityGlobals) = postSolution
		SolutionGuid = {46E914CF-7888-4B5C-834D-02646E7BE8FC}
	EndGlobalSection
EndGlobal
